
Microsoft Visual Studio Solution File, Format Version 12.00
# Visual Studio Version 17
VisualStudioVersion = 17.5.33516.290
MinimumVisualStudioVersion = 10.0.40219.1
Project("{9A19103F-16F7-4668-BE54-9A1E7A4F7556}") = "ShopOnlineApi", "ShopOnlineApi\ShopOnlineApi.csproj", "{21BA9846-91F4-4F16-AC58-17D9C348EF2B}"
EndProject
Project("{FAE04EC0-301F-11D3-BF4B-00C04F79EFBC}") = "ShopOnline.Models", "ShopOnline.Models\ShopOnline.Models.csproj", "{40B9DB8F-B18D-455D-ABA3-28D88CFAA9BA}"
EndProject
Project("{FAE04EC0-301F-11D3-BF4B-00C04F79EFBC}") = "ShopOnline.Web", "ShopOnline.Web\ShopOnline.Web.csproj", "{3F8B1519-4924-466D-BD6D-D26026DF98CF}"
EndProject
Global
	GlobalSection(SolutionConfigurationPlatforms) = preSolution
		Debug|Any CPU = Debug|Any CPU
		Release|Any CPU = Release|Any CPU
	EndGlobalSection
	GlobalSection(ProjectConfigurationPlatforms) = postSolution
		{21BA9846-91F4-4F16-AC58-17D9C348EF2B}.Debug|Any CPU.ActiveCfg = Debug|Any CPU
		{21BA9846-91F4-4F16-AC58-17D9C348EF2B}.Debug|Any CPU.Build.0 = Debug|Any CPU
		{21BA9846-91F4-4F16-AC58-17D9C348EF2B}.Release|Any CPU.ActiveCfg = Release|Any CPU
		{21BA9846-91F4-4F16-AC58-17D9C348EF2B}.Release|Any CPU.Build.0 = Release|Any CPU
		{40B9DB8F-B18D-455D-ABA3-28D88CFAA9BA}.Debug|Any CPU.ActiveCfg = Debug|Any CPU
		{40B9DB8F-B18D-455D-ABA3-28D88CFAA9BA}.Debug|Any CPU.Build.0 = Debug|Any CPU
		{40B9DB8F-B18D-455D-ABA3-28D88CFAA9BA}.Release|Any CPU.ActiveCfg = Release|Any CPU
		{40B9DB8F-B18D-455D-ABA3-28D88CFAA9BA}.Release|Any CPU.Build.0 = Release|Any CPU
		{3F8B1519-4924-466D-BD6D-D26026DF98CF}.Debug|Any CPU.ActiveCfg = Debug|Any CPU
		{3F8B1519-4924-466D-BD6D-D26026DF98CF}.Debug|Any CPU.Build.0 = Debug|Any CPU
		{3F8B1519-4924-466D-BD6D-D26026DF98CF}.Release|Any CPU.ActiveCfg = Release|Any CPU
		{3F8B1519-4924-466D-BD6D-D26026DF98CF}.Release|Any CPU.Build.0 = Release|Any CPU
	EndGlobalSection
	GlobalSection(SolutionProperties) = preSolution
		HideSolutionNode = FALSE
	EndGlobalSection
	GlobalSection(ExtensibilityGlobals) = postSolution
		SolutionGuid = {F1664179-DABF-49D5-B3B3-7DBB3385C9BA}
	EndGlobalSection
EndGlobal
